
Microsoft Visual Studio Solution File, Format Version 12.00
# Visual Studio Version 16
VisualStudioVersion = 16.0.29613.14
MinimumVisualStudioVersion = 10.0.40219.1
Project("{FAE04EC0-301F-11D3-BF4B-00C04F79EFBC}") = "Onboarding task MVC", "Onboarding task MVC\Onboarding task MVC.csproj", "{886F7C61-FB6A-4660-8AE4-988611730B9C}"
EndProject
Global
	GlobalSection(SolutionConfigurationPlatforms) = preSolution
		Debug|Any CPU = Debug|Any CPU
		Release|Any CPU = Release|Any CPU
	EndGlobalSection
	GlobalSection(ProjectConfigurationPlatforms) = postSolution
		{886F7C61-FB6A-4660-8AE4-988611730B9C}.Debug|Any CPU.ActiveCfg = Debug|Any CPU
		{886F7C61-FB6A-4660-8AE4-988611730B9C}.Debug|Any CPU.Build.0 = Debug|Any CPU
		{886F7C61-FB6A-4660-8AE4-988611730B9C}.Release|Any CPU.ActiveCfg = Release|Any CPU
		{886F7C61-FB6A-4660-8AE4-988611730B9C}.Release|Any CPU.Build.0 = Release|Any CPU
	EndGlobalSection
	GlobalSection(SolutionProperties) = preSolution
		HideSolutionNode = FALSE
	EndGlobalSection
	GlobalSection(ExtensibilityGlobals) = postSolution
		SolutionGuid = {29986648-0B25-46A1-9231-3CCCF0573958}
	EndGlobalSection
EndGlobal
